// !$*UTF8*$!
{
	archiveVersion = 1;
	classes = {
	};
	objectVersion = 50;
	objects = {

/* Begin PBXBuildFile section */
		5779141D27746E9A0087A4A3 /* UniversityApp.swift in Sources */ = {isa = PBXBuildFile; fileRef = 5779141C27746E9A0087A4A3 /* UniversityApp.swift */; };
		5779141F27746E9A0087A4A3 /* ContentView.swift in Sources */ = {isa = PBXBuildFile; fileRef = 5779141E27746E9A0087A4A3 /* ContentView.swift */; };
		5779142127746E9B0087A4A3 /* Assets.xcassets in Resources */ = {isa = PBXBuildFile; fileRef = 5779142027746E9B0087A4A3 /* Assets.xcassets */; };
		5779142427746E9B0087A4A3 /* Preview Assets.xcassets in Resources */ = {isa = PBXBuildFile; fileRef = 5779142327746E9B0087A4A3 /* Preview Assets.xcassets */; };
		5779142C277470E00087A4A3 /* Xhome.swift in Sources */ = {isa = PBXBuildFile; fileRef = 5779142B277470E00087A4A3 /* Xhome.swift */; };
		5779142E27747AD10087A4A3 /* RemoteImage.swift in Sources */ = {isa = PBXBuildFile; fileRef = 5779142D27747AD10087A4A3 /* RemoteImage.swift */; };
/* End PBXBuildFile section */

/* Begin PBXFileReference section */
		5779141927746E9A0087A4A3 /* University.app */ = {isa = PBXFileReference; explicitFileType = wrapper.application; includeInIndex = 0; path = University.app; sourceTree = BUILT_PRODUCTS_DIR; };
		5779141C27746E9A0087A4A3 /* UniversityApp.swift */ = {isa = PBXFileReference; lastKnownFileType = sourcecode.swift; path = UniversityApp.swift; sourceTree = "<group>"; };
		5779141E27746E9A0087A4A3 /* ContentView.swift */ = {isa = PBXFileReference; lastKnownFileType = sourcecode.swift; path = ContentView.swift; sourceTree = "<group>"; };
		5779142027746E9B0087A4A3 /* Assets.xcassets */ = {isa = PBXFileReference; lastKnownFileType = folder.assetcatalog; path = Assets.xcassets; sourceTree = "<group>"; };
		5779142327746E9B0087A4A3 /* Preview Assets.xcassets */ = {isa = PBXFileReference; lastKnownFileType = folder.assetcatalog; path = "Preview Assets.xcassets"; sourceTree = "<group>"; };
		5779142527746E9B0087A4A3 /* Info.plist */ = {isa = PBXFileReference; lastKnownFileType = text.plist.xml; path = Info.plist; sourceTree = "<group>"; };
		5779142B277470E00087A4A3 /* Xhome.swift */ = {isa = PBXFileReference; lastKnownFileType = sourcecode.swift; path = Xhome.swift; sourceTree = "<group>"; };
		5779142D27747AD10087A4A3 /* RemoteImage.swift */ = {isa = PBXFileReference; lastKnownFileType = sourcecode.swift; path = RemoteImage.swift; sourceTree = "<group>"; };
/* End PBXFileReference section */

/* Begin PBXFrameworksBuildPhase section */
		5779141627746E9A0087A4A3 /* Frameworks */ = {
			isa = PBXFrameworksBuildPhase;
			buildActionMask = 2147483647;
			files = (
			);
			runOnlyForDeploymentPostprocessing = 0;
		};
/* End PBXFrameworksBuildPhase section */

/* Begin PBXGroup section */
		5779141027746E9A0087A4A3 = {
			isa = PBXGroup;
			children = (
				5779141B27746E9A0087A4A3 /* University */,
				5779141A27746E9A0087A4A3 /* Products */,
			);
			sourceTree = "<group>";
		};
		5779141A27746E9A0087A4A3 /* Products */ = {
			isa = PBXGroup;
			children = (
				5779141927746E9A0087A4A3 /* University.app */,
			);
			name = Products;
			sourceTree = "<group>";
		};
		5779141B27746E9A0087A4A3 /* University */ = {
			isa = PBXGroup;
			children = (
				5779141C27746E9A0087A4A3 /* UniversityApp.swift */,
				5779141E27746E9A0087A4A3 /* ContentView.swift */,
				5779142027746E9B0087A4A3 /* Assets.xcassets */,
				5779142527746E9B0087A4A3 /* Info.plist */,
				5779142227746E9B0087A4A3 /* Preview Content */,
				5779142B277470E00087A4A3 /* Xhome.swift */,
				5779142D27747AD10087A4A3 /* RemoteImage.swift */,
			);
			path = University;
			sourceTree = "<group>";
		};
		5779142227746E9B0087A4A3 /* Preview Content */ = {
			isa = PBXGroup;
			children = (
				5779142327746E9B0087A4A3 /* Preview Assets.xcassets */,
			);
			path = "Preview Content";
			sourceTree = "<group>";
		};
/* End PBXGroup section */

/* Begin PBXNativeTarget section */
		5779141827746E9A0087A4A3 /* University */ = {
			isa = PBXNativeTarget;
			buildConfigurationList = 5779142827746E9B0087A4A3 /* Build configuration list for PBXNativeTarget "University" */;
			buildPhases = (
				5779141527746E9A0087A4A3 /* Sources */,
				5779141627746E9A0087A4A3 /* Frameworks */,
				5779141727746E9A0087A4A3 /* Resources */,
			);
			buildRules = (
			);
			dependencies = (
			);
			name = University;
			productName = University;
			productReference = 5779141927746E9A0087A4A3 /* University.app */;
			productType = "com.apple.product-type.application";
		};
/* End PBXNativeTarget section */

/* Begin PBXProject section */
		5779141127746E9A0087A4A3 /* Project object */ = {
			isa = PBXProject;
			attributes = {
				LastSwiftUpdateCheck = 1250;
				LastUpgradeCheck = 1250;
				TargetAttributes = {
					5779141827746E9A0087A4A3 = {
						CreatedOnToolsVersion = 12.5.1;
					};
				};
			};
			buildConfigurationList = 5779141427746E9A0087A4A3 /* Build configuration list for PBXProject "University" */;
			compatibilityVersion = "Xcode 9.3";
			developmentRegion = en;
			hasScannedForEncodings = 0;
			knownRegions = (
				en,
				Base,
			);
			mainGroup = 5779141027746E9A0087A4A3;
			productRefGroup = 5779141A27746E9A0087A4A3 /* Products */;
			projectDirPath = "";
			projectRoot = "";
			targets = (
				5779141827746E9A0087A4A3 /* University */,
			);
		};
/* End PBXProject section */

/* Begin PBXResourcesBuildPhase section */
		5779141727746E9A0087A4A3 /* Resources */ = {
			isa = PBXResourcesBuildPhase;
			buildActionMask = 2147483647;
			files = (
				5779142427746E9B0087A4A3 /* Preview Assets.xcassets in Resources */,
				5779142127746E9B0087A4A3 /* Assets.xcassets in Resources */,
			);
			runOnlyForDeploymentPostprocessing = 0;
		};
/* End PBXResourcesBuildPhase section */

/* Begin PBXSourcesBuildPhase section */
		5779141527746E9A0087A4A3 /* Sources */ = {
			isa = PBXSourcesBuildPhase;
			buildActionMask = 2147483647;
			files = (
				5779141F27746E9A0087A4A3 /* ContentView.swift in Sources */,
				5779141D27746E9A0087A4A3 /* UniversityApp.swift in Sources */,
				5779142C277470E00087A4A3 /* Xhome.swift in Sources */,
				5779142E27747AD10087A4A3 /* RemoteImage.swift in Sources */,
			);
			runOnlyForDeploymentPostprocessing = 0;
		};
/* End PBXSourcesBuildPhase section */

/* Begin XCBuildConfiguration section */
		5779142627746E9B0087A4A3 /* Debug */ = {
			isa = XCBuildConfiguration;
			buildSettings = {
				ALWAYS_SEARCH_USER_PATHS = NO;
				CLANG_ANALYZER_NONNULL = YES;
				CLANG_ANALYZER_NUMBER_OBJECT_CONVERSION = YES_AGGRESSIVE;
				CLANG_CXX_LANGUAGE_STANDARD = "gnu++14";
				CLANG_CXX_LIBRARY = "libc++";
				CLANG_ENABLE_MODULES = YES;
				CLANG_ENABLE_OBJC_ARC = YES;
				CLANG_ENABLE_OBJC_WEAK = YES;
				CLANG_WARN_BLOCK_CAPTURE_AUTORELEASING = YES;
				CLANG_WARN_BOOL_CONVERSION = YES;
				CLANG_WARN_COMMA = YES;
				CLANG_WARN_CONSTANT_CONVERSION = YES;
				CLANG_WARN_DEPRECATED_OBJC_IMPLEMENTATIONS = YES;
				CLANG_WARN_DIRECT_OBJC_ISA_USAGE = YES_ERROR;
				CLANG_WARN_DOCUMENTATION_COMMENTS = YES;
				CLANG_WARN_EMPTY_BODY = YES;
				CLANG_WARN_ENUM_CONVERSION = YES;
				CLANG_WARN_INFINITE_RECURSION = YES;
				CLANG_WARN_INT_CONVERSION = YES;
				CLANG_WARN_NON_LITERAL_NULL_CONVERSION = YES;
				CLANG_WARN_OBJC_IMPLICIT_RETAIN_SELF = YES;
				CLANG_WARN_OBJC_LITERAL_CONVERSION = YES;
				CLANG_WARN_OBJC_ROOT_CLASS = YES_ERROR;
				CLANG_WARN_QUOTED_INCLUDE_IN_FRAMEWORK_HEADER = YES;
				CLANG_WARN_RANGE_LOOP_ANALYSIS = YES;
				CLANG_WARN_STRICT_PROTOTYPES = YES;
				CLANG_WARN_SUSPICIOUS_MOVE = YES;
				CLANG_WARN_UNGUARDED_AVAILABILITY = YES_AGGRESSIVE;
				CLANG_WARN_UNREACHABLE_CODE = YES;
				CLANG_WARN__DUPLICATE_METHOD_MATCH = YES;
				COPY_PHASE_STRIP = NO;
				DEBUG_INFORMATION_FORMAT = dwarf;
				ENABLE_STRICT_OBJC_MSGSEND = YES;
				ENABLE_TESTABILITY = YES;
				GCC_C_LANGUAGE_STANDARD = gnu11;
				GCC_DYNAMIC_NO_PIC = NO;
				GCC_NO_COMMON_BLOCKS = YES;
				GCC_OPTIMIZATION_LEVEL = 0;
				GCC_PREPROCESSOR_DEFINITIONS = (
					"DEBUG=1",
					"$(inherited)",
				);
				GCC_WARN_64_TO_32_BIT_CONVERSION = YES;
				GCC_WARN_ABOUT_RETURN_TYPE = YES_ERROR;
				GCC_WARN_UNDECLARED_SELECTOR = YES;
				GCC_WARN_UNINITIALIZED_AUTOS = YES_AGGRESSIVE;
				GCC_WARN_UNUSED_FUNCTION = YES;
				GCC_WARN_UNUSED_VARIABLE = YES;
				IPHONEOS_DEPLOYMENT_TARGET = 14.5;
				MTL_ENABLE_DEBUG_INFO = INCLUDE_SOURCE;
				MTL_FAST_MATH = YES;
				ONLY_ACTIVE_ARCH = YES;
				SDKROOT = iphoneos;
				SWIFT_ACTIVE_COMPILATION_CONDITIONS = DEBUG;
				SWIFT_OPTIMIZATION_LEVEL = "-Onone";
			};
			name = Debug;
		};
		5779142727746E9B0087A4A3 /* Release */ = {
			isa = XCBuildConfiguration;
			buildSettings = {
				ALWAYS_SEARCH_USER_PATHS = NO;
				CLANG_ANALYZER_NONNULL = YES;
				CLANG_ANALYZER_NUMBER_OBJECT_CONVERSION = YES_AGGRESSIVE;
				CLANG_CXX_LANGUAGE_STANDARD = "gnu++14";
				CLANG_CXX_LIBRARY = "libc++";
				CLANG_ENABLE_MODULES = YES;
				CLANG_ENABLE_OBJC_ARC = YES;
				CLANG_ENABLE_OBJC_WEAK = YES;
				CLANG_WARN_BLOCK_CAPTURE_AUTORELEASING = YES;
				CLANG_WARN_BOOL_CONVERSION = YES;
				CLANG_WARN_COMMA = YES;
				CLANG_WARN_CONSTANT_CONVERSION = YES;
				CLANG_WARN_DEPRECATED_OBJC_IMPLEMENTATIONS = YES;
				CLANG_WARN_DIRECT_OBJC_ISA_USAGE = YES_ERROR;
				CLANG_WARN_DOCUMENTATION_COMMENTS = YES;
				CLANG_WARN_EMPTY_BODY = YES;
				CLANG_WARN_ENUM_CONVERSION = YES;
				CLANG_WARN_INFINITE_RECURSION = YES;
				CLANG_WARN_INT_CONVERSION = YES;
				CLANG_WARN_NON_LITERAL_NULL_CONVERSION = YES;
				CLANG_WARN_OBJC_IMPLICIT_RETAIN_SELF = YES;
				CLANG_WARN_OBJC_LITERAL_CONVERSION = YES;
				CLANG_WARN_OBJC_ROOT_CLASS = YES_ERROR;
				CLANG_WARN_QUOTED_INCLUDE_IN_FRAMEWORK_HEADER = YES;
				CLANG_WARN_RANGE_LOOP_ANALYSIS = YES;
				CLANG_WARN_STRICT_PROTOTYPES = YES;
				CLANG_WARN_SUSPICIOUS_MOVE = YES;
				CLANG_WARN_UNGUARDED_AVAILABILITY = YES_AGGRESSIVE;
				CLANG_WARN_UNREACHABLE_CODE = YES;
				CLANG_WARN__DUPLICATE_METHOD_MATCH = YES;
				COPY_PHASE_STRIP = NO;
				DEBUG_INFORMATION_FORMAT = "dwarf-with-dsym";
				ENABLE_NS_ASSERTIONS = NO;
				ENABLE_STRICT_OBJC_MSGSEND = YES;
				GCC_C_LANGUAGE_STANDARD = gnu11;
				GCC_NO_COMMON_BLOCKS = YES;
				GCC_WARN_64_TO_32_BIT_CONVERSION = YES;
				GCC_WARN_ABOUT_RETURN_TYPE = YES_ERROR;
				GCC_WARN_UNDECLARED_SELECTOR = YES;
				GCC_WARN_UNINITIALIZED_AUTOS = YES_AGGRESSIVE;
				GCC_WARN_UNUSED_FUNCTION = YES;
				GCC_WARN_UNUSED_VARIABLE = YES;
				IPHONEOS_DEPLOYMENT_TARGET = 14.5;
				MTL_ENABLE_DEBUG_INFO = NO;
				MTL_FAST_MATH = YES;
				SDKROOT = iphoneos;
				SWIFT_COMPILATION_MODE = wholemodule;
				SWIFT_OPTIMIZATION_LEVEL = "-O";
				VALIDATE_PRODUCT = YES;
			};
			name = Release;
		};
		5779142927746E9B0087A4A3 /* Debug */ = {
			isa = XCBuildConfiguration;
			buildSettings = {
				ASSETCATALOG_COMPILER_APPICON_NAME = AppIcon;
				ASSETCATALOG_COMPILER_GLOBAL_ACCENT_COLOR_NAME = AccentColor;
				CODE_SIGN_STYLE = Automatic;
				DEVELOPMENT_ASSET_PATHS = "\"University/Preview Content\"";
				DEVELOPMENT_TEAM = QP5453H432;
				ENABLE_PREVIEWS = YES;
				INFOPLIST_FILE = University/Info.plist;
				IPHONEOS_DEPLOYMENT_TARGET = 14.0;
				LD_RUNPATH_SEARCH_PATHS = (
					"$(inherited)",
					"@executable_path/Frameworks",
				);
				PRODUCT_BUNDLE_IDENTIFIER = xingcong.com.University;
				PRODUCT_NAME = "$(TARGET_NAME)";
				SWIFT_VERSION = 5.0;
				TARGETED_DEVICE_FAMILY = "1,2";
			};
			name = Debug;
		};
		5779142A27746E9B0087A4A3 /* Release */ = {
			isa = XCBuildConfiguration;
			buildSettings = {
				ASSETCATALOG_COMPILER_APPICON_NAME = AppIcon;
				ASSETCATALOG_COMPILER_GLOBAL_ACCENT_COLOR_NAME = AccentColor;
				CODE_SIGN_STYLE = Automatic;
				DEVELOPMENT_ASSET_PATHS = "\"University/Preview Content\"";
				DEVELOPMENT_TEAM = QP5453H432;
				ENABLE_PREVIEWS = YES;
				INFOPLIST_FILE = University/Info.plist;
				IPHONEOS_DEPLOYMENT_TARGET = 14.0;
				LD_RUNPATH_SEARCH_PATHS = (
					"$(inherited)",
					"@executable_path/Frameworks",
				);
				PRODUCT_BUNDLE_IDENTIFIER = xingcong.com.University;
				PRODUCT_NAME = "$(TARGET_NAME)";
				SWIFT_VERSION = 5.0;
				TARGETED_DEVICE_FAMILY = "1,2";
			};
			name = Release;
		};
/* End XCBuildConfiguration section */

/* Begin XCConfigurationList section */
		5779141427746E9A0087A4A3 /* Build configuration list for PBXProject "University" */ = {
			isa = XCConfigurationList;
			buildConfigurations = (
				5779142627746E9B0087A4A3 /* Debug */,
				5779142727746E9B0087A4A3 /* Release */,
			);
			defaultConfigurationIsVisible = 0;
			defaultConfigurationName = Release;
		};
		5779142827746E9B0087A4A3 /* Build configuration list for PBXNativeTarget "University" */ = {
			isa = XCConfigurationList;
			buildConfigurations = (
				5779142927746E9B0087A4A3 /* Debug */,
				5779142A27746E9B0087A4A3 /* Release */,
			);
			defaultConfigurationIsVisible = 0;
			defaultConfigurationName = Release;
		};
/* End XCConfigurationList section */
	};
	rootObject = 5779141127746E9A0087A4A3 /* Project object */;
}
